// !$*UTF8*$!
{
	archiveVersion = 1;
	classes = {
	};
	objectVersion = 48;
	objects = {

/* Begin PBXBuildFile section */
		2D8C38FD1F485BD700FCB969 /* WebService.swift in Sources */ = {isa = PBXBuildFile; fileRef = 2D8C38FC1F485BD700FCB969 /* WebService.swift */; };
		2D8C38FF1F48779200FCB969 /* MockWebService.swift in Sources */ = {isa = PBXBuildFile; fileRef = 2D8C38FE1F48779200FCB969 /* MockWebService.swift */; };
		2D8C39011F4877AE00FCB969 /* SACWebService.swift in Sources */ = {isa = PBXBuildFile; fileRef = 2D8C39001F4877AE00FCB969 /* SACWebService.swift */; };
		2D8C39071F48980600FCB969 /* Tag.swift in Sources */ = {isa = PBXBuildFile; fileRef = 2D8C39061F48980600FCB969 /* Tag.swift */; };
		2DB3D1D91F480BC900FF8D9C /* AppDelegate.swift in Sources */ = {isa = PBXBuildFile; fileRef = 2DB3D1D81F480BC900FF8D9C /* AppDelegate.swift */; };
		2DB3D1DB1F480BC900FF8D9C /* ViewController.swift in Sources */ = {isa = PBXBuildFile; fileRef = 2DB3D1DA1F480BC900FF8D9C /* ViewController.swift */; };
		2DB3D1DE1F480BC900FF8D9C /* Main.storyboard in Resources */ = {isa = PBXBuildFile; fileRef = 2DB3D1DC1F480BC900FF8D9C /* Main.storyboard */; };
		2DB3D1E01F480BC900FF8D9C /* Assets.xcassets in Resources */ = {isa = PBXBuildFile; fileRef = 2DB3D1DF1F480BC900FF8D9C /* Assets.xcassets */; };
		2DB3D1E31F480BC900FF8D9C /* LaunchScreen.storyboard in Resources */ = {isa = PBXBuildFile; fileRef = 2DB3D1E11F480BC900FF8D9C /* LaunchScreen.storyboard */; };
		2DB3D1EC1F48158700FF8D9C /* ResultViewController.swift in Sources */ = {isa = PBXBuildFile; fileRef = 2DB3D1EA1F48158700FF8D9C /* ResultViewController.swift */; };
		2DB3D1F01F48228F00FF8D9C /* Shop.swift in Sources */ = {isa = PBXBuildFile; fileRef = 2DB3D1EF1F48228F00FF8D9C /* Shop.swift */; };
		2DB3D1F31F48325500FF8D9C /* ShopCell.swift in Sources */ = {isa = PBXBuildFile; fileRef = 2DB3D1F21F48325500FF8D9C /* ShopCell.swift */; };
		79791AC06DF69C0F6A541DC7 /* Pods_SAC.framework in Frameworks */ = {isa = PBXBuildFile; fileRef = A5FBBF291CCEA9B61F6FA522 /* Pods_SAC.framework */; };
		C72AE4FA1F4917660044B3CF /* MapStyle.json in Resources */ = {isa = PBXBuildFile; fileRef = C72AE4F91F4917660044B3CF /* MapStyle.json */; };
		C72AE4FC1F491BF50044B3CF /* RegisterViewController.swift in Sources */ = {isa = PBXBuildFile; fileRef = C72AE4FB1F491BF50044B3CF /* RegisterViewController.swift */; };
		C7BDD4811F492AD8007EADA2 /* ShopViewController.swift in Sources */ = {isa = PBXBuildFile; fileRef = C7BDD4801F492AD8007EADA2 /* ShopViewController.swift */; };
		C7BDD4831F493BB2007EADA2 /* TrendViewCell.swift in Sources */ = {isa = PBXBuildFile; fileRef = C7BDD4821F493BB2007EADA2 /* TrendViewCell.swift */; };
/* End PBXBuildFile section */

/* Begin PBXFileReference section */
		0AA9F53322AE205BFDE27F91 /* Pods-SAC.release.xcconfig */ = {isa = PBXFileReference; includeInIndex = 1; lastKnownFileType = text.xcconfig; name = "Pods-SAC.release.xcconfig"; path = "Pods/Target Support Files/Pods-SAC/Pods-SAC.release.xcconfig"; sourceTree = "<group>"; };
		2D8C38FC1F485BD700FCB969 /* WebService.swift */ = {isa = PBXFileReference; lastKnownFileType = sourcecode.swift; path = WebService.swift; sourceTree = "<group>"; };
		2D8C38FE1F48779200FCB969 /* MockWebService.swift */ = {isa = PBXFileReference; lastKnownFileType = sourcecode.swift; path = MockWebService.swift; sourceTree = "<group>"; };
		2D8C39001F4877AE00FCB969 /* SACWebService.swift */ = {isa = PBXFileReference; lastKnownFileType = sourcecode.swift; path = SACWebService.swift; sourceTree = "<group>"; };
		2D8C39021F487A2B00FCB969 /* SAC-Bridging-Header.h */ = {isa = PBXFileReference; lastKnownFileType = sourcecode.c.h; path = "SAC-Bridging-Header.h"; sourceTree = "<group>"; };
		2D8C39061F48980600FCB969 /* Tag.swift */ = {isa = PBXFileReference; lastKnownFileType = sourcecode.swift; path = Tag.swift; sourceTree = "<group>"; };
		2DB3D1D51F480BC900FF8D9C /* SAC.app */ = {isa = PBXFileReference; explicitFileType = wrapper.application; includeInIndex = 0; path = SAC.app; sourceTree = BUILT_PRODUCTS_DIR; };
		2DB3D1D81F480BC900FF8D9C /* AppDelegate.swift */ = {isa = PBXFileReference; lastKnownFileType = sourcecode.swift; path = AppDelegate.swift; sourceTree = "<group>"; };
		2DB3D1DA1F480BC900FF8D9C /* ViewController.swift */ = {isa = PBXFileReference; lastKnownFileType = sourcecode.swift; path = ViewController.swift; sourceTree = "<group>"; };
		2DB3D1DD1F480BC900FF8D9C /* Base */ = {isa = PBXFileReference; lastKnownFileType = file.storyboard; name = Base; path = Base.lproj/Main.storyboard; sourceTree = "<group>"; };
		2DB3D1DF1F480BC900FF8D9C /* Assets.xcassets */ = {isa = PBXFileReference; lastKnownFileType = folder.assetcatalog; path = Assets.xcassets; sourceTree = "<group>"; };
		2DB3D1E21F480BC900FF8D9C /* Base */ = {isa = PBXFileReference; lastKnownFileType = file.storyboard; name = Base; path = Base.lproj/LaunchScreen.storyboard; sourceTree = "<group>"; };
		2DB3D1E41F480BC900FF8D9C /* Info.plist */ = {isa = PBXFileReference; lastKnownFileType = text.plist.xml; path = Info.plist; sourceTree = "<group>"; };
		2DB3D1EA1F48158700FF8D9C /* ResultViewController.swift */ = {isa = PBXFileReference; lastKnownFileType = sourcecode.swift; path = ResultViewController.swift; sourceTree = "<group>"; };
		2DB3D1EF1F48228F00FF8D9C /* Shop.swift */ = {isa = PBXFileReference; lastKnownFileType = sourcecode.swift; path = Shop.swift; sourceTree = "<group>"; };
		2DB3D1F21F48325500FF8D9C /* ShopCell.swift */ = {isa = PBXFileReference; lastKnownFileType = sourcecode.swift; path = ShopCell.swift; sourceTree = "<group>"; };
		A5FBBF291CCEA9B61F6FA522 /* Pods_SAC.framework */ = {isa = PBXFileReference; explicitFileType = wrapper.framework; includeInIndex = 0; path = Pods_SAC.framework; sourceTree = BUILT_PRODUCTS_DIR; };
		C72AE4F91F4917660044B3CF /* MapStyle.json */ = {isa = PBXFileReference; fileEncoding = 4; lastKnownFileType = text.json; path = MapStyle.json; sourceTree = "<group>"; };
		C72AE4FB1F491BF50044B3CF /* RegisterViewController.swift */ = {isa = PBXFileReference; lastKnownFileType = sourcecode.swift; path = RegisterViewController.swift; sourceTree = "<group>"; };
		C7BDD4801F492AD8007EADA2 /* ShopViewController.swift */ = {isa = PBXFileReference; lastKnownFileType = sourcecode.swift; path = ShopViewController.swift; sourceTree = "<group>"; };
		C7BDD4821F493BB2007EADA2 /* TrendViewCell.swift */ = {isa = PBXFileReference; lastKnownFileType = sourcecode.swift; path = TrendViewCell.swift; sourceTree = "<group>"; };
		D87A2277E194D010ACC52034 /* Pods-SAC.debug.xcconfig */ = {isa = PBXFileReference; includeInIndex = 1; lastKnownFileType = text.xcconfig; name = "Pods-SAC.debug.xcconfig"; path = "Pods/Target Support Files/Pods-SAC/Pods-SAC.debug.xcconfig"; sourceTree = "<group>"; };
/* End PBXFileReference section */

/* Begin PBXFrameworksBuildPhase section */
		2DB3D1D21F480BC900FF8D9C /* Frameworks */ = {
			isa = PBXFrameworksBuildPhase;
			buildActionMask = 2147483647;
			files = (
				79791AC06DF69C0F6A541DC7 /* Pods_SAC.framework in Frameworks */,
			);
			runOnlyForDeploymentPostprocessing = 0;
		};
/* End PBXFrameworksBuildPhase section */

/* Begin PBXGroup section */
		2D8C38FB1F485BB700FCB969 /* API */ = {
			isa = PBXGroup;
			children = (
				2D8C38FC1F485BD700FCB969 /* WebService.swift */,
				2D8C38FE1F48779200FCB969 /* MockWebService.swift */,
				2D8C39001F4877AE00FCB969 /* SACWebService.swift */,
			);
			path = API;
			sourceTree = "<group>";
		};
		2DB3D1CC1F480BC900FF8D9C = {
			isa = PBXGroup;
			children = (
				2DB3D1D71F480BC900FF8D9C /* SAC */,
				2DB3D1D61F480BC900FF8D9C /* Products */,
				5F9D12F10E86B60CEA75F2F5 /* Pods */,
				AF47BD3E526B8971E9364714 /* Frameworks */,
			);
			sourceTree = "<group>";
		};
		2DB3D1D61F480BC900FF8D9C /* Products */ = {
			isa = PBXGroup;
			children = (
				2DB3D1D51F480BC900FF8D9C /* SAC.app */,
			);
			name = Products;
			sourceTree = "<group>";
		};
		2DB3D1D71F480BC900FF8D9C /* SAC */ = {
			isa = PBXGroup;
			children = (
				C72AE4F91F4917660044B3CF /* MapStyle.json */,
				2D8C39021F487A2B00FCB969 /* SAC-Bridging-Header.h */,
				2D8C38FB1F485BB700FCB969 /* API */,
				2DB3D1F11F48323A00FF8D9C /* Cells */,
				2DB3D1EE1F48225100FF8D9C /* Model */,
				2DB3D1D81F480BC900FF8D9C /* AppDelegate.swift */,
				2DB3D1DA1F480BC900FF8D9C /* ViewController.swift */,
				2DB3D1EA1F48158700FF8D9C /* ResultViewController.swift */,
				C72AE4FB1F491BF50044B3CF /* RegisterViewController.swift */,
				C7BDD4801F492AD8007EADA2 /* ShopViewController.swift */,
				2DB3D1DC1F480BC900FF8D9C /* Main.storyboard */,
				2DB3D1DF1F480BC900FF8D9C /* Assets.xcassets */,
				2DB3D1E11F480BC900FF8D9C /* LaunchScreen.storyboard */,
				2DB3D1E41F480BC900FF8D9C /* Info.plist */,
			);
			path = SAC;
			sourceTree = "<group>";
		};
		2DB3D1EE1F48225100FF8D9C /* Model */ = {
			isa = PBXGroup;
			children = (
				2DB3D1EF1F48228F00FF8D9C /* Shop.swift */,
				2D8C39061F48980600FCB969 /* Tag.swift */,
			);
			path = Model;
			sourceTree = "<group>";
		};
		2DB3D1F11F48323A00FF8D9C /* Cells */ = {
			isa = PBXGroup;
			children = (
				2DB3D1F21F48325500FF8D9C /* ShopCell.swift */,
				C7BDD4821F493BB2007EADA2 /* TrendViewCell.swift */,
			);
			path = Cells;
			sourceTree = "<group>";
		};
		5F9D12F10E86B60CEA75F2F5 /* Pods */ = {
			isa = PBXGroup;
			children = (
				D87A2277E194D010ACC52034 /* Pods-SAC.debug.xcconfig */,
				0AA9F53322AE205BFDE27F91 /* Pods-SAC.release.xcconfig */,
			);
			name = Pods;
			sourceTree = "<group>";
		};
		AF47BD3E526B8971E9364714 /* Frameworks */ = {
			isa = PBXGroup;
			children = (
				A5FBBF291CCEA9B61F6FA522 /* Pods_SAC.framework */,
			);
			name = Frameworks;
			sourceTree = "<group>";
		};
/* End PBXGroup section */

/* Begin PBXNativeTarget section */
		2DB3D1D41F480BC900FF8D9C /* SAC */ = {
			isa = PBXNativeTarget;
			buildConfigurationList = 2DB3D1E71F480BC900FF8D9C /* Build configuration list for PBXNativeTarget "SAC" */;
			buildPhases = (
				58AC6CB6C0CC070C88971079 /* [CP] Check Pods Manifest.lock */,
				2DB3D1D11F480BC900FF8D9C /* Sources */,
				2DB3D1D21F480BC900FF8D9C /* Frameworks */,
				2DB3D1D31F480BC900FF8D9C /* Resources */,
				66704DC635A8CE4845172B3F /* [CP] Embed Pods Frameworks */,
				2CEF20128707BEDC67531AEC /* [CP] Copy Pods Resources */,
			);
			buildRules = (
			);
			dependencies = (
			);
			name = SAC;
			productName = SAC;
			productReference = 2DB3D1D51F480BC900FF8D9C /* SAC.app */;
			productType = "com.apple.product-type.application";
		};
/* End PBXNativeTarget section */

/* Begin PBXProject section */
		2DB3D1CD1F480BC900FF8D9C /* Project object */ = {
			isa = PBXProject;
			attributes = {
				LastSwiftUpdateCheck = 0900;
				LastUpgradeCheck = 0900;
				ORGANIZATIONNAME = ShopAroundTheCorner;
				TargetAttributes = {
					2DB3D1D41F480BC900FF8D9C = {
						CreatedOnToolsVersion = 9.0;
						LastSwiftMigration = 0900;
					};
				};
			};
			buildConfigurationList = 2DB3D1D01F480BC900FF8D9C /* Build configuration list for PBXProject "SAC" */;
			compatibilityVersion = "Xcode 8.0";
			developmentRegion = en;
			hasScannedForEncodings = 0;
			knownRegions = (
				en,
				Base,
			);
			mainGroup = 2DB3D1CC1F480BC900FF8D9C;
			productRefGroup = 2DB3D1D61F480BC900FF8D9C /* Products */;
			projectDirPath = "";
			projectRoot = "";
			targets = (
				2DB3D1D41F480BC900FF8D9C /* SAC */,
			);
		};
/* End PBXProject section */

/* Begin PBXResourcesBuildPhase section */
		2DB3D1D31F480BC900FF8D9C /* Resources */ = {
			isa = PBXResourcesBuildPhase;
			buildActionMask = 2147483647;
			files = (
				C72AE4FA1F4917660044B3CF /* MapStyle.json in Resources */,
				2DB3D1E31F480BC900FF8D9C /* LaunchScreen.storyboard in Resources */,
				2DB3D1E01F480BC900FF8D9C /* Assets.xcassets in Resources */,
				2DB3D1DE1F480BC900FF8D9C /* Main.storyboard in Resources */,
			);
			runOnlyForDeploymentPostprocessing = 0;
		};
/* End PBXResourcesBuildPhase section */

/* Begin PBXShellScriptBuildPhase section */
		2CEF20128707BEDC67531AEC /* [CP] Copy Pods Resources */ = {
			isa = PBXShellScriptBuildPhase;
			buildActionMask = 2147483647;
			files = (
			);
			inputPaths = (
			);
			name = "[CP] Copy Pods Resources";
			outputPaths = (
			);
			runOnlyForDeploymentPostprocessing = 0;
			shellPath = /bin/sh;
			shellScript = "\"${SRCROOT}/Pods/Target Support Files/Pods-SAC/Pods-SAC-resources.sh\"\n";
			showEnvVarsInLog = 0;
		};
		58AC6CB6C0CC070C88971079 /* [CP] Check Pods Manifest.lock */ = {
			isa = PBXShellScriptBuildPhase;
			buildActionMask = 2147483647;
			files = (
			);
			inputPaths = (
			);
			name = "[CP] Check Pods Manifest.lock";
			outputPaths = (
			);
			runOnlyForDeploymentPostprocessing = 0;
			shellPath = /bin/sh;
			shellScript = "diff \"${PODS_PODFILE_DIR_PATH}/Podfile.lock\" \"${PODS_ROOT}/Manifest.lock\" > /dev/null\nif [ $? != 0 ] ; then\n    # print error to STDERR\n    echo \"error: The sandbox is not in sync with the Podfile.lock. Run 'pod install' or update your CocoaPods installation.\" >&2\n    exit 1\nfi\n";
			showEnvVarsInLog = 0;
		};
		66704DC635A8CE4845172B3F /* [CP] Embed Pods Frameworks */ = {
			isa = PBXShellScriptBuildPhase;
			buildActionMask = 2147483647;
			files = (
			);
			inputPaths = (
			);
			name = "[CP] Embed Pods Frameworks";
			outputPaths = (
			);
			runOnlyForDeploymentPostprocessing = 0;
			shellPath = /bin/sh;
			shellScript = "\"${SRCROOT}/Pods/Target Support Files/Pods-SAC/Pods-SAC-frameworks.sh\"\n";
			showEnvVarsInLog = 0;
		};
/* End PBXShellScriptBuildPhase section */

/* Begin PBXSourcesBuildPhase section */
		2DB3D1D11F480BC900FF8D9C /* Sources */ = {
			isa = PBXSourcesBuildPhase;
			buildActionMask = 2147483647;
			files = (
				2D8C38FD1F485BD700FCB969 /* WebService.swift in Sources */,
				C72AE4FC1F491BF50044B3CF /* RegisterViewController.swift in Sources */,
				C7BDD4811F492AD8007EADA2 /* ShopViewController.swift in Sources */,
				2D8C38FF1F48779200FCB969 /* MockWebService.swift in Sources */,
				2DB3D1DB1F480BC900FF8D9C /* ViewController.swift in Sources */,
				2DB3D1D91F480BC900FF8D9C /* AppDelegate.swift in Sources */,
				2D8C39011F4877AE00FCB969 /* SACWebService.swift in Sources */,
				2DB3D1EC1F48158700FF8D9C /* ResultViewController.swift in Sources */,
				2D8C39071F48980600FCB969 /* Tag.swift in Sources */,
				2DB3D1F01F48228F00FF8D9C /* Shop.swift in Sources */,
				C7BDD4831F493BB2007EADA2 /* TrendViewCell.swift in Sources */,
				2DB3D1F31F48325500FF8D9C /* ShopCell.swift in Sources */,
			);
			runOnlyForDeploymentPostprocessing = 0;
		};
/* End PBXSourcesBuildPhase section */

/* Begin PBXVariantGroup section */
		2DB3D1DC1F480BC900FF8D9C /* Main.storyboard */ = {
			isa = PBXVariantGroup;
			children = (
				2DB3D1DD1F480BC900FF8D9C /* Base */,
			);
			name = Main.storyboard;
			sourceTree = "<group>";
		};
		2DB3D1E11F480BC900FF8D9C /* LaunchScreen.storyboard */ = {
			isa = PBXVariantGroup;
			children = (
				2DB3D1E21F480BC900FF8D9C /* Base */,
			);
			name = LaunchScreen.storyboard;
			sourceTree = "<group>";
		};
/* End PBXVariantGroup section */

/* Begin XCBuildConfiguration section */
		2DB3D1E51F480BC900FF8D9C /* Debug */ = {
			isa = XCBuildConfiguration;
			buildSettings = {
				ALWAYS_SEARCH_USER_PATHS = NO;
				CLANG_ANALYZER_NONNULL = YES;
				CLANG_ANALYZER_NUMBER_OBJECT_CONVERSION = YES_AGGRESSIVE;
				CLANG_CXX_LANGUAGE_STANDARD = "gnu++14";
				CLANG_CXX_LIBRARY = "libc++";
				CLANG_ENABLE_MODULES = YES;
				CLANG_ENABLE_OBJC_ARC = YES;
				CLANG_WARN_BLOCK_CAPTURE_AUTORELEASING = YES;
				CLANG_WARN_BOOL_CONVERSION = YES;
				CLANG_WARN_COMMA = YES;
				CLANG_WARN_CONSTANT_CONVERSION = YES;
				CLANG_WARN_DIRECT_OBJC_ISA_USAGE = YES_ERROR;
				CLANG_WARN_DOCUMENTATION_COMMENTS = YES;
				CLANG_WARN_EMPTY_BODY = YES;
				CLANG_WARN_ENUM_CONVERSION = YES;
				CLANG_WARN_INFINITE_RECURSION = YES;
				CLANG_WARN_INT_CONVERSION = YES;
				CLANG_WARN_NON_LITERAL_NULL_CONVERSION = YES;
				CLANG_WARN_OBJC_LITERAL_CONVERSION = YES;
				CLANG_WARN_OBJC_ROOT_CLASS = YES_ERROR;
				CLANG_WARN_RANGE_LOOP_ANALYSIS = YES;
				CLANG_WARN_STRICT_PROTOTYPES = YES;
				CLANG_WARN_SUSPICIOUS_MOVE = YES;
				CLANG_WARN_UNGUARDED_AVAILABILITY = YES_AGGRESSIVE;
				CLANG_WARN_UNREACHABLE_CODE = YES;
				CLANG_WARN__DUPLICATE_METHOD_MATCH = YES;
				CODE_SIGN_IDENTITY = "iPhone Developer";
				COPY_PHASE_STRIP = NO;
				DEBUG_INFORMATION_FORMAT = dwarf;
				ENABLE_STRICT_OBJC_MSGSEND = YES;
				ENABLE_TESTABILITY = YES;
				GCC_C_LANGUAGE_STANDARD = gnu11;
				GCC_DYNAMIC_NO_PIC = NO;
				GCC_NO_COMMON_BLOCKS = YES;
				GCC_OPTIMIZATION_LEVEL = 0;
				GCC_PREPROCESSOR_DEFINITIONS = (
					"DEBUG=1",
					"$(inherited)",
				);
				GCC_WARN_64_TO_32_BIT_CONVERSION = YES;
				GCC_WARN_ABOUT_RETURN_TYPE = YES_ERROR;
				GCC_WARN_UNDECLARED_SELECTOR = YES;
				GCC_WARN_UNINITIALIZED_AUTOS = YES_AGGRESSIVE;
				GCC_WARN_UNUSED_FUNCTION = YES;
				GCC_WARN_UNUSED_VARIABLE = YES;
				IPHONEOS_DEPLOYMENT_TARGET = 11.0;
				MTL_ENABLE_DEBUG_INFO = YES;
				ONLY_ACTIVE_ARCH = YES;
				SDKROOT = iphoneos;
				SWIFT_ACTIVE_COMPILATION_CONDITIONS = DEBUG;
				SWIFT_OPTIMIZATION_LEVEL = "-Onone";
				SWIFT_VERSION = 3.0;
			};
			name = Debug;
		};
		2DB3D1E61F480BC900FF8D9C /* Release */ = {
			isa = XCBuildConfiguration;
			buildSettings = {
				ALWAYS_SEARCH_USER_PATHS = NO;
				CLANG_ANALYZER_NONNULL = YES;
				CLANG_ANALYZER_NUMBER_OBJECT_CONVERSION = YES_AGGRESSIVE;
				CLANG_CXX_LANGUAGE_STANDARD = "gnu++14";
				CLANG_CXX_LIBRARY = "libc++";
				CLANG_ENABLE_MODULES = YES;
				CLANG_ENABLE_OBJC_ARC = YES;
				CLANG_WARN_BLOCK_CAPTURE_AUTORELEASING = YES;
				CLANG_WARN_BOOL_CONVERSION = YES;
				CLANG_WARN_COMMA = YES;
				CLANG_WARN_CONSTANT_CONVERSION = YES;
				CLANG_WARN_DIRECT_OBJC_ISA_USAGE = YES_ERROR;
				CLANG_WARN_DOCUMENTATION_COMMENTS = YES;
				CLANG_WARN_EMPTY_BODY = YES;
				CLANG_WARN_ENUM_CONVERSION = YES;
				CLANG_WARN_INFINITE_RECURSION = YES;
				CLANG_WARN_INT_CONVERSION = YES;
				CLANG_WARN_NON_LITERAL_NULL_CONVERSION = YES;
				CLANG_WARN_OBJC_LITERAL_CONVERSION = YES;
				CLANG_WARN_OBJC_ROOT_CLASS = YES_ERROR;
				CLANG_WARN_RANGE_LOOP_ANALYSIS = YES;
				CLANG_WARN_STRICT_PROTOTYPES = YES;
				CLANG_WARN_SUSPICIOUS_MOVE = YES;
				CLANG_WARN_UNGUARDED_AVAILABILITY = YES_AGGRESSIVE;
				CLANG_WARN_UNREACHABLE_CODE = YES;
				CLANG_WARN__DUPLICATE_METHOD_MATCH = YES;
				CODE_SIGN_IDENTITY = "iPhone Developer";
				COPY_PHASE_STRIP = NO;
				DEBUG_INFORMATION_FORMAT = "dwarf-with-dsym";
				ENABLE_NS_ASSERTIONS = NO;
				ENABLE_STRICT_OBJC_MSGSEND = YES;
				GCC_C_LANGUAGE_STANDARD = gnu11;
				GCC_NO_COMMON_BLOCKS = YES;
				GCC_WARN_64_TO_32_BIT_CONVERSION = YES;
				GCC_WARN_ABOUT_RETURN_TYPE = YES_ERROR;
				GCC_WARN_UNDECLARED_SELECTOR = YES;
				GCC_WARN_UNINITIALIZED_AUTOS = YES_AGGRESSIVE;
				GCC_WARN_UNUSED_FUNCTION = YES;
				GCC_WARN_UNUSED_VARIABLE = YES;
				IPHONEOS_DEPLOYMENT_TARGET = 11.0;
				MTL_ENABLE_DEBUG_INFO = NO;
				SDKROOT = iphoneos;
				SWIFT_OPTIMIZATION_LEVEL = "-Owholemodule";
				SWIFT_VERSION = 3.0;
				VALIDATE_PRODUCT = YES;
			};
			name = Release;
		};
		2DB3D1E81F480BC900FF8D9C /* Debug */ = {
			isa = XCBuildConfiguration;
			baseConfigurationReference = D87A2277E194D010ACC52034 /* Pods-SAC.debug.xcconfig */;
			buildSettings = {
				ASSETCATALOG_COMPILER_APPICON_NAME = AppIcon;
				CLANG_ENABLE_MODULES = YES;
				DEVELOPMENT_TEAM = PKUQ4ZWJH3;
				FRAMEWORK_SEARCH_PATHS = (
					"$(inherited)",
					"\"$PODS_CONFIGURATION_BUILD_DIR/Alamofire\"",
					"\"$PODS_CONFIGURATION_BUILD_DIR/Eureka\"/**",
					"\"$PODS_CONFIGURATION_BUILD_DIR/MBProgressHUD\"",
					"\"${PODS_ROOT}/GoogleMaps/Base/Frameworks\"",
					"\"${PODS_ROOT}/GoogleMaps/Maps/Frameworks\"",
				);
				INFOPLIST_FILE = SAC/Info.plist;
				IPHONEOS_DEPLOYMENT_TARGET = 9.2;
				LD_RUNPATH_SEARCH_PATHS = "$(inherited) @executable_path/Frameworks";
				PRODUCT_BUNDLE_IDENTIFIER = com.freshworks.sac.SAC;
				PRODUCT_NAME = "$(TARGET_NAME)";
				SWIFT_OBJC_BRIDGING_HEADER = "SAC/SAC-Bridging-Header.h";
				SWIFT_OPTIMIZATION_LEVEL = "-Onone";
				SWIFT_VERSION = 4.0;
				TARGETED_DEVICE_FAMILY = "1,2";
			};
			name = Debug;
		};
		2DB3D1E91F480BC900FF8D9C /* Release */ = {
			isa = XCBuildConfiguration;
			baseConfigurationReference = 0AA9F53322AE205BFDE27F91 /* Pods-SAC.release.xcconfig */;
			buildSettings = {
				ASSETCATALOG_COMPILER_APPICON_NAME = AppIcon;
				CLANG_ENABLE_MODULES = YES;
				DEVELOPMENT_TEAM = PKUQ4ZWJH3;
				INFOPLIST_FILE = SAC/Info.plist;
				IPHONEOS_DEPLOYMENT_TARGET = 9.2;
				LD_RUNPATH_SEARCH_PATHS = "$(inherited) @executable_path/Frameworks";
				PRODUCT_BUNDLE_IDENTIFIER = com.freshworks.sac.SAC;
				PRODUCT_NAME = "$(TARGET_NAME)";
				SWIFT_OBJC_BRIDGING_HEADER = "SAC/SAC-Bridging-Header.h";
				SWIFT_VERSION = 4.0;
				TARGETED_DEVICE_FAMILY = "1,2";
			};
			name = Release;
		};
/* End XCBuildConfiguration section */

/* Begin XCConfigurationList section */
		2DB3D1D01F480BC900FF8D9C /* Build configuration list for PBXProject "SAC" */ = {
			isa = XCConfigurationList;
			buildConfigurations = (
				2DB3D1E51F480BC900FF8D9C /* Debug */,
				2DB3D1E61F480BC900FF8D9C /* Release */,
			);
			defaultConfigurationIsVisible = 0;
			defaultConfigurationName = Release;
		};
		2DB3D1E71F480BC900FF8D9C /* Build configuration list for PBXNativeTarget "SAC" */ = {
			isa = XCConfigurationList;
			buildConfigurations = (
				2DB3D1E81F480BC900FF8D9C /* Debug */,
				2DB3D1E91F480BC900FF8D9C /* Release */,
			);
			defaultConfigurationIsVisible = 0;
			defaultConfigurationName = Release;
		};
/* End XCConfigurationList section */
	};
	rootObject = 2DB3D1CD1F480BC900FF8D9C /* Project object */;
}
